// !$*UTF8*$!
{
	archiveVersion = 1;
	classes = {
	};
	objectVersion = 46;
	objects = {

/* Begin PBXBuildFile section */
		9F2D09301E0E140100345DEE /* AppDelegate.swift in Sources */ = {isa = PBXBuildFile; fileRef = 9F2D092F1E0E140100345DEE /* AppDelegate.swift */; };
		9F2D09321E0E140100345DEE /* IntroVC.swift in Sources */ = {isa = PBXBuildFile; fileRef = 9F2D09311E0E140100345DEE /* IntroVC.swift */; };
		9F2D09351E0E140100345DEE /* Main.storyboard in Resources */ = {isa = PBXBuildFile; fileRef = 9F2D09331E0E140100345DEE /* Main.storyboard */; };
		9F2D09371E0E140100345DEE /* Assets.xcassets in Resources */ = {isa = PBXBuildFile; fileRef = 9F2D09361E0E140100345DEE /* Assets.xcassets */; };
		9F2D093A1E0E140100345DEE /* LaunchScreen.storyboard in Resources */ = {isa = PBXBuildFile; fileRef = 9F2D09381E0E140100345DEE /* LaunchScreen.storyboard */; };
		9F2D09421E0E263800345DEE /* GoogleService-Info.plist in Resources */ = {isa = PBXBuildFile; fileRef = 9F2D09411E0E263800345DEE /* GoogleService-Info.plist */; };
		9F2DF3181E0E58740020BB39 /* FancyBtn.swift in Sources */ = {isa = PBXBuildFile; fileRef = 9F2DF3171E0E58740020BB39 /* FancyBtn.swift */; };
		9F2DF3201E0EB6B90020BB39 /* SignInVC.swift in Sources */ = {isa = PBXBuildFile; fileRef = 9F2DF31F1E0EB6B90020BB39 /* SignInVC.swift */; };
		9F56B9E31E16314F00A4B111 /* RoundBtn.swift in Sources */ = {isa = PBXBuildFile; fileRef = 9F56B9E21E16314F00A4B111 /* RoundBtn.swift */; };
		9F83BAF71E12295E00833412 /* FancyFields.swift in Sources */ = {isa = PBXBuildFile; fileRef = 9F83BAF61E12295E00833412 /* FancyFields.swift */; };
		9FA4075E1E0E3DDF00892DE1 /* FancyView.swift in Sources */ = {isa = PBXBuildFile; fileRef = 9FA4075D1E0E3DDF00892DE1 /* FancyView.swift */; };
		9FA407611E0E3E4400892DE1 /* Constants.swift in Sources */ = {isa = PBXBuildFile; fileRef = 9FA407601E0E3E4400892DE1 /* Constants.swift */; };
		9FD634661E18B286002FFE92 /* GsignInHeader.m in Sources */ = {isa = PBXBuildFile; fileRef = 9FD634651E18B286002FFE92 /* GsignInHeader.m */; };
		9FD634681E193E0A002FFE92 /* SosRegisterVC.swift in Sources */ = {isa = PBXBuildFile; fileRef = 9FD634671E193E0A002FFE92 /* SosRegisterVC.swift */; };
		9FE440FE1E253E010040860C /* DataService.swift in Sources */ = {isa = PBXBuildFile; fileRef = 9FE440FD1E253E010040860C /* DataService.swift */; };
		9FE441001E28F19C0040860C /* SettingsLauncher.swift in Sources */ = {isa = PBXBuildFile; fileRef = 9FE440FF1E28F19C0040860C /* SettingsLauncher.swift */; };
		9FE441021E2902870040860C /* SettingCell.swift in Sources */ = {isa = PBXBuildFile; fileRef = 9FE441011E2902870040860C /* SettingCell.swift */; };
		9FE441041E2C99F30040860C /* ForkVC.swift in Sources */ = {isa = PBXBuildFile; fileRef = 9FE441031E2C99F20040860C /* ForkVC.swift */; };
		DAA39C4ABA94608614B74C9D /* Pods_Service_Provider.framework in Frameworks */ = {isa = PBXBuildFile; fileRef = 350E7580D42EFD29940C2475 /* Pods_Service_Provider.framework */; };
/* End PBXBuildFile section */

/* Begin PBXFileReference section */
		350E7580D42EFD29940C2475 /* Pods_Service_Provider.framework */ = {isa = PBXFileReference; explicitFileType = wrapper.framework; includeInIndex = 0; path = Pods_Service_Provider.framework; sourceTree = BUILT_PRODUCTS_DIR; };
		9F2D092C1E0E140100345DEE /* Service Provider.app */ = {isa = PBXFileReference; explicitFileType = wrapper.application; includeInIndex = 0; path = "Service Provider.app"; sourceTree = BUILT_PRODUCTS_DIR; };
		9F2D092F1E0E140100345DEE /* AppDelegate.swift */ = {isa = PBXFileReference; lastKnownFileType = sourcecode.swift; path = AppDelegate.swift; sourceTree = "<group>"; };
		9F2D09311E0E140100345DEE /* IntroVC.swift */ = {isa = PBXFileReference; lastKnownFileType = sourcecode.swift; path = IntroVC.swift; sourceTree = "<group>"; };
		9F2D09341E0E140100345DEE /* Base */ = {isa = PBXFileReference; lastKnownFileType = file.storyboard; name = Base; path = Base.lproj/Main.storyboard; sourceTree = "<group>"; };
		9F2D09361E0E140100345DEE /* Assets.xcassets */ = {isa = PBXFileReference; lastKnownFileType = folder.assetcatalog; path = Assets.xcassets; sourceTree = "<group>"; };
		9F2D09391E0E140100345DEE /* Base */ = {isa = PBXFileReference; lastKnownFileType = file.storyboard; name = Base; path = Base.lproj/LaunchScreen.storyboard; sourceTree = "<group>"; };
		9F2D093B1E0E140100345DEE /* Info.plist */ = {isa = PBXFileReference; lastKnownFileType = text.plist.xml; path = Info.plist; sourceTree = "<group>"; };
		9F2D09411E0E263800345DEE /* GoogleService-Info.plist */ = {isa = PBXFileReference; fileEncoding = 4; lastKnownFileType = text.plist.xml; path = "GoogleService-Info.plist"; sourceTree = "<group>"; };
		9F2DF3171E0E58740020BB39 /* FancyBtn.swift */ = {isa = PBXFileReference; fileEncoding = 4; lastKnownFileType = sourcecode.swift; path = FancyBtn.swift; sourceTree = "<group>"; };
		9F2DF31F1E0EB6B90020BB39 /* SignInVC.swift */ = {isa = PBXFileReference; fileEncoding = 4; lastKnownFileType = sourcecode.swift; path = SignInVC.swift; sourceTree = "<group>"; };
		9F56B9E21E16314F00A4B111 /* RoundBtn.swift */ = {isa = PBXFileReference; fileEncoding = 4; lastKnownFileType = sourcecode.swift; path = RoundBtn.swift; sourceTree = "<group>"; };
		9F83BAF61E12295E00833412 /* FancyFields.swift */ = {isa = PBXFileReference; fileEncoding = 4; lastKnownFileType = sourcecode.swift; path = FancyFields.swift; sourceTree = "<group>"; };
		9FA4075D1E0E3DDF00892DE1 /* FancyView.swift */ = {isa = PBXFileReference; fileEncoding = 4; lastKnownFileType = sourcecode.swift; path = FancyView.swift; sourceTree = "<group>"; };
		9FA407601E0E3E4400892DE1 /* Constants.swift */ = {isa = PBXFileReference; fileEncoding = 4; lastKnownFileType = sourcecode.swift; path = Constants.swift; sourceTree = "<group>"; };
		9FD634641E18B285002FFE92 /* Service Provider-Bridging-Header.h */ = {isa = PBXFileReference; lastKnownFileType = sourcecode.c.h; path = "Service Provider-Bridging-Header.h"; sourceTree = "<group>"; };
		9FD634651E18B286002FFE92 /* GsignInHeader.m */ = {isa = PBXFileReference; fileEncoding = 4; lastKnownFileType = sourcecode.c.objc; path = GsignInHeader.m; sourceTree = "<group>"; };
		9FD634671E193E0A002FFE92 /* SosRegisterVC.swift */ = {isa = PBXFileReference; fileEncoding = 4; lastKnownFileType = sourcecode.swift; path = SosRegisterVC.swift; sourceTree = "<group>"; };
		9FE440FD1E253E010040860C /* DataService.swift */ = {isa = PBXFileReference; fileEncoding = 4; lastKnownFileType = sourcecode.swift; path = DataService.swift; sourceTree = "<group>"; };
		9FE440FF1E28F19C0040860C /* SettingsLauncher.swift */ = {isa = PBXFileReference; fileEncoding = 4; lastKnownFileType = sourcecode.swift; path = SettingsLauncher.swift; sourceTree = "<group>"; };
		9FE441011E2902870040860C /* SettingCell.swift */ = {isa = PBXFileReference; fileEncoding = 4; lastKnownFileType = sourcecode.swift; path = SettingCell.swift; sourceTree = "<group>"; };
		9FE441031E2C99F20040860C /* ForkVC.swift */ = {isa = PBXFileReference; fileEncoding = 4; lastKnownFileType = sourcecode.swift; path = ForkVC.swift; sourceTree = "<group>"; };
		E9928A26768D9554263BE79B /* Pods-Service Provider.release.xcconfig */ = {isa = PBXFileReference; includeInIndex = 1; lastKnownFileType = text.xcconfig; name = "Pods-Service Provider.release.xcconfig"; path = "Pods/Target Support Files/Pods-Service Provider/Pods-Service Provider.release.xcconfig"; sourceTree = "<group>"; };
		EB0833E457802541E2D5FBB4 /* Pods-Service Provider.debug.xcconfig */ = {isa = PBXFileReference; includeInIndex = 1; lastKnownFileType = text.xcconfig; name = "Pods-Service Provider.debug.xcconfig"; path = "Pods/Target Support Files/Pods-Service Provider/Pods-Service Provider.debug.xcconfig"; sourceTree = "<group>"; };
/* End PBXFileReference section */

/* Begin PBXFrameworksBuildPhase section */
		9F2D09291E0E140100345DEE /* Frameworks */ = {
			isa = PBXFrameworksBuildPhase;
			buildActionMask = 2147483647;
			files = (
				DAA39C4ABA94608614B74C9D /* Pods_Service_Provider.framework in Frameworks */,
			);
			runOnlyForDeploymentPostprocessing = 0;
		};
/* End PBXFrameworksBuildPhase section */

/* Begin PBXGroup section */
		2A2EC729527E27DDDF204AE3 /* Pods */ = {
			isa = PBXGroup;
			children = (
				EB0833E457802541E2D5FBB4 /* Pods-Service Provider.debug.xcconfig */,
				E9928A26768D9554263BE79B /* Pods-Service Provider.release.xcconfig */,
			);
			name = Pods;
			sourceTree = "<group>";
		};
		36264116520501CAD1AAD1DA /* Frameworks */ = {
			isa = PBXGroup;
			children = (
				350E7580D42EFD29940C2475 /* Pods_Service_Provider.framework */,
			);
			name = Frameworks;
			sourceTree = "<group>";
		};
		9F2D09231E0E140100345DEE = {
			isa = PBXGroup;
			children = (
				9F2D092E1E0E140100345DEE /* Service Provider */,
				9F2D092D1E0E140100345DEE /* Products */,
				2A2EC729527E27DDDF204AE3 /* Pods */,
				36264116520501CAD1AAD1DA /* Frameworks */,
			);
			sourceTree = "<group>";
		};
		9F2D092D1E0E140100345DEE /* Products */ = {
			isa = PBXGroup;
			children = (
				9F2D092C1E0E140100345DEE /* Service Provider.app */,
			);
			name = Products;
			sourceTree = "<group>";
		};
		9F2D092E1E0E140100345DEE /* Service Provider */ = {
			isa = PBXGroup;
			children = (
				9FE440FC1E253DD50040860C /* Services */,
				9FA4075A1E0E367900892DE1 /* Model */,
				9FA407591E0E367200892DE1 /* View */,
				9FA407581E0E366B00892DE1 /* Controller */,
				9FA4075F1E0E3E3300892DE1 /* Utils */,
				9F2D092F1E0E140100345DEE /* AppDelegate.swift */,
				9F2D09361E0E140100345DEE /* Assets.xcassets */,
				9F2D09411E0E263800345DEE /* GoogleService-Info.plist */,
				9F2D093B1E0E140100345DEE /* Info.plist */,
				9FD634651E18B286002FFE92 /* GsignInHeader.m */,
				9FD634641E18B285002FFE92 /* Service Provider-Bridging-Header.h */,
			);
			path = "Service Provider";
			sourceTree = "<group>";
		};
		9FA407581E0E366B00892DE1 /* Controller */ = {
			isa = PBXGroup;
			children = (
				9F2D09311E0E140100345DEE /* IntroVC.swift */,
				9F2DF31F1E0EB6B90020BB39 /* SignInVC.swift */,
				9FD634671E193E0A002FFE92 /* SosRegisterVC.swift */,
				9FE440FF1E28F19C0040860C /* SettingsLauncher.swift */,
				9FE441031E2C99F20040860C /* ForkVC.swift */,
			);
			name = Controller;
			sourceTree = "<group>";
		};
		9FA407591E0E367200892DE1 /* View */ = {
			isa = PBXGroup;
			children = (
				9F2D09331E0E140100345DEE /* Main.storyboard */,
				9F2D09381E0E140100345DEE /* LaunchScreen.storyboard */,
				9FA4075D1E0E3DDF00892DE1 /* FancyView.swift */,
				9F2DF3171E0E58740020BB39 /* FancyBtn.swift */,
				9F83BAF61E12295E00833412 /* FancyFields.swift */,
				9F56B9E21E16314F00A4B111 /* RoundBtn.swift */,
				9FE441011E2902870040860C /* SettingCell.swift */,
			);
			name = View;
			sourceTree = "<group>";
		};
		9FA4075A1E0E367900892DE1 /* Model */ = {
			isa = PBXGroup;
			children = (
			);
			name = Model;
			sourceTree = "<group>";
		};
		9FA4075F1E0E3E3300892DE1 /* Utils */ = {
			isa = PBXGroup;
			children = (
				9FA407601E0E3E4400892DE1 /* Constants.swift */,
			);
			name = Utils;
			sourceTree = "<group>";
		};
		9FE440FC1E253DD50040860C /* Services */ = {
			isa = PBXGroup;
			children = (
				9FE440FD1E253E010040860C /* DataService.swift */,
			);
			name = Services;
			sourceTree = "<group>";
		};
/* End PBXGroup section */

/* Begin PBXNativeTarget section */
		9F2D092B1E0E140100345DEE /* Service Provider */ = {
			isa = PBXNativeTarget;
			buildConfigurationList = 9F2D093E1E0E140100345DEE /* Build configuration list for PBXNativeTarget "Service Provider" */;
			buildPhases = (
				3D1420CC7301333A18631EF8 /* [CP] Check Pods Manifest.lock */,
				9F2D09281E0E140100345DEE /* Sources */,
				9F2D09291E0E140100345DEE /* Frameworks */,
				9F2D092A1E0E140100345DEE /* Resources */,
				5C45503113356E49B8475760 /* [CP] Embed Pods Frameworks */,
				649CCF5CE2413C73D49981E4 /* [CP] Copy Pods Resources */,
			);
			buildRules = (
			);
			dependencies = (
			);
			name = "Service Provider";
			productName = "Service Provider";
			productReference = 9F2D092C1E0E140100345DEE /* Service Provider.app */;
			productType = "com.apple.product-type.application";
		};
/* End PBXNativeTarget section */

/* Begin PBXProject section */
		9F2D09241E0E140100345DEE /* Project object */ = {
			isa = PBXProject;
			attributes = {
				LastSwiftUpdateCheck = 0820;
				LastUpgradeCheck = 0820;
				ORGANIZATIONNAME = "IT Emergency Malaysia";
				TargetAttributes = {
					9F2D092B1E0E140100345DEE = {
						CreatedOnToolsVersion = 8.2.1;
						DevelopmentTeam = NFW22K3RA8;
						LastSwiftMigration = 0820;
						ProvisioningStyle = Automatic;
					};
				};
			};
			buildConfigurationList = 9F2D09271E0E140100345DEE /* Build configuration list for PBXProject "Service Provider" */;
			compatibilityVersion = "Xcode 3.2";
			developmentRegion = English;
			hasScannedForEncodings = 0;
			knownRegions = (
				en,
				Base,
			);
			mainGroup = 9F2D09231E0E140100345DEE;
			productRefGroup = 9F2D092D1E0E140100345DEE /* Products */;
			projectDirPath = "";
			projectRoot = "";
			targets = (
				9F2D092B1E0E140100345DEE /* Service Provider */,
			);
		};
/* End PBXProject section */

/* Begin PBXResourcesBuildPhase section */
		9F2D092A1E0E140100345DEE /* Resources */ = {
			isa = PBXResourcesBuildPhase;
			buildActionMask = 2147483647;
			files = (
				9F2D093A1E0E140100345DEE /* LaunchScreen.storyboard in Resources */,
				9F2D09421E0E263800345DEE /* GoogleService-Info.plist in Resources */,
				9F2D09371E0E140100345DEE /* Assets.xcassets in Resources */,
				9F2D09351E0E140100345DEE /* Main.storyboard in Resources */,
			);
			runOnlyForDeploymentPostprocessing = 0;
		};
/* End PBXResourcesBuildPhase section */

/* Begin PBXShellScriptBuildPhase section */
		3D1420CC7301333A18631EF8 /* [CP] Check Pods Manifest.lock */ = {
			isa = PBXShellScriptBuildPhase;
			buildActionMask = 2147483647;
			files = (
			);
			inputPaths = (
			);
			name = "[CP] Check Pods Manifest.lock";
			outputPaths = (
			);
			runOnlyForDeploymentPostprocessing = 0;
			shellPath = /bin/sh;
			shellScript = "diff \"${PODS_ROOT}/../Podfile.lock\" \"${PODS_ROOT}/Manifest.lock\" > /dev/null\nif [ $? != 0 ] ; then\n    # print error to STDERR\n    echo \"error: The sandbox is not in sync with the Podfile.lock. Run 'pod install' or update your CocoaPods installation.\" >&2\n    exit 1\nfi\n";
			showEnvVarsInLog = 0;
		};
		5C45503113356E49B8475760 /* [CP] Embed Pods Frameworks */ = {
			isa = PBXShellScriptBuildPhase;
			buildActionMask = 2147483647;
			files = (
			);
			inputPaths = (
			);
			name = "[CP] Embed Pods Frameworks";
			outputPaths = (
			);
			runOnlyForDeploymentPostprocessing = 0;
			shellPath = /bin/sh;
			shellScript = "\"${SRCROOT}/Pods/Target Support Files/Pods-Service Provider/Pods-Service Provider-frameworks.sh\"\n";
			showEnvVarsInLog = 0;
		};
		649CCF5CE2413C73D49981E4 /* [CP] Copy Pods Resources */ = {
			isa = PBXShellScriptBuildPhase;
			buildActionMask = 2147483647;
			files = (
			);
			inputPaths = (
			);
			name = "[CP] Copy Pods Resources";
			outputPaths = (
			);
			runOnlyForDeploymentPostprocessing = 0;
			shellPath = /bin/sh;
			shellScript = "\"${SRCROOT}/Pods/Target Support Files/Pods-Service Provider/Pods-Service Provider-resources.sh\"\n";
			showEnvVarsInLog = 0;
		};
/* End PBXShellScriptBuildPhase section */

/* Begin PBXSourcesBuildPhase section */
		9F2D09281E0E140100345DEE /* Sources */ = {
			isa = PBXSourcesBuildPhase;
			buildActionMask = 2147483647;
			files = (
				9F2DF3181E0E58740020BB39 /* FancyBtn.swift in Sources */,
				9F2D09321E0E140100345DEE /* IntroVC.swift in Sources */,
				9F2DF3201E0EB6B90020BB39 /* SignInVC.swift in Sources */,
				9F2D09301E0E140100345DEE /* AppDelegate.swift in Sources */,
				9F83BAF71E12295E00833412 /* FancyFields.swift in Sources */,
				9FE440FE1E253E010040860C /* DataService.swift in Sources */,
				9FD634661E18B286002FFE92 /* GsignInHeader.m in Sources */,
				9FE441021E2902870040860C /* SettingCell.swift in Sources */,
				9FE441041E2C99F30040860C /* ForkVC.swift in Sources */,
				9F56B9E31E16314F00A4B111 /* RoundBtn.swift in Sources */,
				9FE441001E28F19C0040860C /* SettingsLauncher.swift in Sources */,
				9FA4075E1E0E3DDF00892DE1 /* FancyView.swift in Sources */,
				9FA407611E0E3E4400892DE1 /* Constants.swift in Sources */,
				9FD634681E193E0A002FFE92 /* SosRegisterVC.swift in Sources */,
			);
			runOnlyForDeploymentPostprocessing = 0;
		};
/* End PBXSourcesBuildPhase section */

/* Begin PBXVariantGroup section */
		9F2D09331E0E140100345DEE /* Main.storyboard */ = {
			isa = PBXVariantGroup;
			children = (
				9F2D09341E0E140100345DEE /* Base */,
			);
			name = Main.storyboard;
			sourceTree = "<group>";
		};
		9F2D09381E0E140100345DEE /* LaunchScreen.storyboard */ = {
			isa = PBXVariantGroup;
			children = (
				9F2D09391E0E140100345DEE /* Base */,
			);
			name = LaunchScreen.storyboard;
			sourceTree = "<group>";
		};
/* End PBXVariantGroup section */

/* Begin XCBuildConfiguration section */
		9F2D093C1E0E140100345DEE /* Debug */ = {
			isa = XCBuildConfiguration;
			buildSettings = {
				ALWAYS_SEARCH_USER_PATHS = NO;
				CLANG_ANALYZER_NONNULL = YES;
				CLANG_CXX_LANGUAGE_STANDARD = "gnu++0x";
				CLANG_CXX_LIBRARY = "libc++";
				CLANG_ENABLE_MODULES = YES;
				CLANG_ENABLE_OBJC_ARC = YES;
				CLANG_WARN_BOOL_CONVERSION = YES;
				CLANG_WARN_CONSTANT_CONVERSION = YES;
				CLANG_WARN_DIRECT_OBJC_ISA_USAGE = YES_ERROR;
				CLANG_WARN_DOCUMENTATION_COMMENTS = YES;
				CLANG_WARN_EMPTY_BODY = YES;
				CLANG_WARN_ENUM_CONVERSION = YES;
				CLANG_WARN_INFINITE_RECURSION = YES;
				CLANG_WARN_INT_CONVERSION = YES;
				CLANG_WARN_OBJC_ROOT_CLASS = YES_ERROR;
				CLANG_WARN_SUSPICIOUS_MOVE = YES;
				CLANG_WARN_UNREACHABLE_CODE = YES;
				CLANG_WARN__DUPLICATE_METHOD_MATCH = YES;
				"CODE_SIGN_IDENTITY[sdk=iphoneos*]" = "iPhone Developer";
				COPY_PHASE_STRIP = NO;
				DEBUG_INFORMATION_FORMAT = dwarf;
				ENABLE_STRICT_OBJC_MSGSEND = YES;
				ENABLE_TESTABILITY = YES;
				GCC_C_LANGUAGE_STANDARD = gnu99;
				GCC_DYNAMIC_NO_PIC = NO;
				GCC_NO_COMMON_BLOCKS = YES;
				GCC_OPTIMIZATION_LEVEL = 0;
				GCC_PREPROCESSOR_DEFINITIONS = (
					"DEBUG=1",
					"$(inherited)",
				);
				GCC_WARN_64_TO_32_BIT_CONVERSION = YES;
				GCC_WARN_ABOUT_RETURN_TYPE = YES_ERROR;
				GCC_WARN_UNDECLARED_SELECTOR = YES;
				GCC_WARN_UNINITIALIZED_AUTOS = YES_AGGRESSIVE;
				GCC_WARN_UNUSED_FUNCTION = YES;
				GCC_WARN_UNUSED_VARIABLE = YES;
				IPHONEOS_DEPLOYMENT_TARGET = 10.2;
				MTL_ENABLE_DEBUG_INFO = YES;
				ONLY_ACTIVE_ARCH = YES;
				SDKROOT = iphoneos;
				SWIFT_ACTIVE_COMPILATION_CONDITIONS = DEBUG;
				SWIFT_OPTIMIZATION_LEVEL = "-Onone";
				TARGETED_DEVICE_FAMILY = "1,2";
			};
			name = Debug;
		};
		9F2D093D1E0E140100345DEE /* Release */ = {
			isa = XCBuildConfiguration;
			buildSettings = {
				ALWAYS_SEARCH_USER_PATHS = NO;
				CLANG_ANALYZER_NONNULL = YES;
				CLANG_CXX_LANGUAGE_STANDARD = "gnu++0x";
				CLANG_CXX_LIBRARY = "libc++";
				CLANG_ENABLE_MODULES = YES;
				CLANG_ENABLE_OBJC_ARC = YES;
				CLANG_WARN_BOOL_CONVERSION = YES;
				CLANG_WARN_CONSTANT_CONVERSION = YES;
				CLANG_WARN_DIRECT_OBJC_ISA_USAGE = YES_ERROR;
				CLANG_WARN_DOCUMENTATION_COMMENTS = YES;
				CLANG_WARN_EMPTY_BODY = YES;
				CLANG_WARN_ENUM_CONVERSION = YES;
				CLANG_WARN_INFINITE_RECURSION = YES;
				CLANG_WARN_INT_CONVERSION = YES;
				CLANG_WARN_OBJC_ROOT_CLASS = YES_ERROR;
				CLANG_WARN_SUSPICIOUS_MOVE = YES;
				CLANG_WARN_UNREACHABLE_CODE = YES;
				CLANG_WARN__DUPLICATE_METHOD_MATCH = YES;
				"CODE_SIGN_IDENTITY[sdk=iphoneos*]" = "iPhone Developer";
				COPY_PHASE_STRIP = NO;
				DEBUG_INFORMATION_FORMAT = "dwarf-with-dsym";
				ENABLE_NS_ASSERTIONS = NO;
				ENABLE_STRICT_OBJC_MSGSEND = YES;
				GCC_C_LANGUAGE_STANDARD = gnu99;
				GCC_NO_COMMON_BLOCKS = YES;
				GCC_WARN_64_TO_32_BIT_CONVERSION = YES;
				GCC_WARN_ABOUT_RETURN_TYPE = YES_ERROR;
				GCC_WARN_UNDECLARED_SELECTOR = YES;
				GCC_WARN_UNINITIALIZED_AUTOS = YES_AGGRESSIVE;
				GCC_WARN_UNUSED_FUNCTION = YES;
				GCC_WARN_UNUSED_VARIABLE = YES;
				IPHONEOS_DEPLOYMENT_TARGET = 10.2;
				MTL_ENABLE_DEBUG_INFO = NO;
				SDKROOT = iphoneos;
				SWIFT_OPTIMIZATION_LEVEL = "-Owholemodule";
				TARGETED_DEVICE_FAMILY = "1,2";
				VALIDATE_PRODUCT = YES;
			};
			name = Release;
		};
		9F2D093F1E0E140100345DEE /* Debug */ = {
			isa = XCBuildConfiguration;
			baseConfigurationReference = EB0833E457802541E2D5FBB4 /* Pods-Service Provider.debug.xcconfig */;
			buildSettings = {
				ALWAYS_EMBED_SWIFT_STANDARD_LIBRARIES = YES;
				ASSETCATALOG_COMPILER_APPICON_NAME = AppIcon;
				CLANG_ENABLE_MODULES = YES;
				DEVELOPMENT_TEAM = NFW22K3RA8;
				INFOPLIST_FILE = "Service Provider/Info.plist";
				IPHONEOS_DEPLOYMENT_TARGET = 10.2;
				LD_RUNPATH_SEARCH_PATHS = "$(inherited) @executable_path/Frameworks";
				PRODUCT_BUNDLE_IDENTIFIER = "net.ITmalaysia.Service-Provider";
				PRODUCT_NAME = "$(TARGET_NAME)";
				SWIFT_OBJC_BRIDGING_HEADER = "Service Provider/Service Provider-Bridging-Header.h";
				SWIFT_OPTIMIZATION_LEVEL = "-Onone";
				SWIFT_VERSION = 3.0;
			};
			name = Debug;
		};
		9F2D09401E0E140100345DEE /* Release */ = {
			isa = XCBuildConfiguration;
			baseConfigurationReference = E9928A26768D9554263BE79B /* Pods-Service Provider.release.xcconfig */;
			buildSettings = {
				ALWAYS_EMBED_SWIFT_STANDARD_LIBRARIES = YES;
				ASSETCATALOG_COMPILER_APPICON_NAME = AppIcon;
				CLANG_ENABLE_MODULES = YES;
				DEVELOPMENT_TEAM = NFW22K3RA8;
				INFOPLIST_FILE = "Service Provider/Info.plist";
				IPHONEOS_DEPLOYMENT_TARGET = 10.2;
				LD_RUNPATH_SEARCH_PATHS = "$(inherited) @executable_path/Frameworks";
				PRODUCT_BUNDLE_IDENTIFIER = "net.ITmalaysia.Service-Provider";
				PRODUCT_NAME = "$(TARGET_NAME)";
				SWIFT_OBJC_BRIDGING_HEADER = "Service Provider/Service Provider-Bridging-Header.h";
				SWIFT_VERSION = 3.0;
			};
			name = Release;
		};
/* End XCBuildConfiguration section */

/* Begin XCConfigurationList section */
		9F2D09271E0E140100345DEE /* Build configuration list for PBXProject "Service Provider" */ = {
			isa = XCConfigurationList;
			buildConfigurations = (
				9F2D093C1E0E140100345DEE /* Debug */,
				9F2D093D1E0E140100345DEE /* Release */,
			);
			defaultConfigurationIsVisible = 0;
			defaultConfigurationName = Release;
		};
		9F2D093E1E0E140100345DEE /* Build configuration list for PBXNativeTarget "Service Provider" */ = {
			isa = XCConfigurationList;
			buildConfigurations = (
				9F2D093F1E0E140100345DEE /* Debug */,
				9F2D09401E0E140100345DEE /* Release */,
			);
			defaultConfigurationIsVisible = 0;
			defaultConfigurationName = Release;
		};
/* End XCConfigurationList section */
	};
	rootObject = 9F2D09241E0E140100345DEE /* Project object */;
}
